
Microsoft Visual Studio Solution File, Format Version 12.00
Project("{FAE04EC0-301F-11D3-BF4B-00C04F79EFBC}") = "BTD6AllBuffsStack", "BTD6AllBuffsStack.csproj", "{D77DD7A7-585D-45C7-BD94-172759647E6A}"
EndProject
Global
	GlobalSection(SolutionConfigurationPlatforms) = preSolution
		Debug|Any CPU = Debug|Any CPU
		Release|Any CPU = Release|Any CPU
	EndGlobalSection
	GlobalSection(ProjectConfigurationPlatforms) = postSolution
		{D77DD7A7-585D-45C7-BD94-172759647E6A}.Debug|Any CPU.ActiveCfg = Debug|Any CPU
		{D77DD7A7-585D-45C7-BD94-172759647E6A}.Debug|Any CPU.Build.0 = Debug|Any CPU
		{D77DD7A7-585D-45C7-BD94-172759647E6A}.Release|Any CPU.ActiveCfg = Release|Any CPU
		{D77DD7A7-585D-45C7-BD94-172759647E6A}.Release|Any CPU.Build.0 = Release|Any CPU
	EndGlobalSection
EndGlobal
